
Microsoft Visual Studio Solution File, Format Version 12.00
# Visual Studio Version 17
VisualStudioVersion = 17.9.34728.123
MinimumVisualStudioVersion = 10.0.40219.1
Project("{FAE04EC0-301F-11D3-BF4B-00C04F79EFBC}") = "Intake.API", "Intake.API\Intake.API.csproj", "{3AC34346-B8CD-4B22-A7A1-DDED6B45D7E3}"
EndProject
Global
	GlobalSection(SolutionConfigurationPlatforms) = preSolution
		Debug|Any CPU = Debug|Any CPU
		Release|Any CPU = Release|Any CPU
	EndGlobalSection
	GlobalSection(ProjectConfigurationPlatforms) = postSolution
		{3AC34346-B8CD-4B22-A7A1-DDED6B45D7E3}.Debug|Any CPU.ActiveCfg = Debug|Any CPU
		{3AC34346-B8CD-4B22-A7A1-DDED6B45D7E3}.Debug|Any CPU.Build.0 = Debug|Any CPU
		{3AC34346-B8CD-4B22-A7A1-DDED6B45D7E3}.Release|Any CPU.ActiveCfg = Release|Any CPU
		{3AC34346-B8CD-4B22-A7A1-DDED6B45D7E3}.Release|Any CPU.Build.0 = Release|Any CPU
	EndGlobalSection
	GlobalSection(SolutionProperties) = preSolution
		HideSolutionNode = FALSE
	EndGlobalSection
	GlobalSection(ExtensibilityGlobals) = postSolution
		SolutionGuid = {5BE75358-7A27-48FB-B644-909B0C175F7F}
	EndGlobalSection
EndGlobal
